
Microsoft Visual Studio Solution File, Format Version 12.00
# Visual Studio 15
VisualStudioVersion = 15.0.28307.421
MinimumVisualStudioVersion = 10.0.40219.1
Project("{FAE04EC0-301F-11D3-BF4B-00C04F79EFBC}") = "Sim", "Sim\Sim.csproj", "{163951CC-5500-43EC-92A4-C905499CCFE1}"
EndProject
Project("{2150E333-8FDC-42A3-9474-1A3956D46DE8}") = "Negocios", "Negocios", "{E1A258FB-529D-4027-81AF-3EE8DDFF7BE0}"
EndProject
Project("{FAE04EC0-301F-11D3-BF4B-00C04F79EFBC}") = "Sim.Sec.Governo", "Sim.Sec.Governo\Sim.Sec.Governo.csproj", "{8330D037-AF5C-49E0-9B62-585610EFE4E0}"
EndProject
Project("{FAE04EC0-301F-11D3-BF4B-00C04F79EFBC}") = "Sim.Sec.Desenvolvimento", "Sim.Sec.Desenvolvimento\Sim.Sec.Desenvolvimento.csproj", "{A1BADE65-4D3B-41DF-B1D9-18EF931ACEC6}"
EndProject
Project("{FAE04EC0-301F-11D3-BF4B-00C04F79EFBC}") = "Sim.Account", "Sim.Account\Sim.Account.csproj", "{7D7FEAD6-A514-4803-9714-18F8B3F4034B}"
EndProject
Project("{FAE04EC0-301F-11D3-BF4B-00C04F79EFBC}") = "Sim.Mvvm", "Sim.Mvvm\Sim.Mvvm.csproj", "{E3C9B155-A836-485E-B222-8B359F2CE80E}"
EndProject
Project("{FAE04EC0-301F-11D3-BF4B-00C04F79EFBC}") = "Sim.Data", "Sim.Data\Sim.Data.csproj", "{C1152F88-A269-4111-B36C-1481A108EF11}"
EndProject
Project("{FAE04EC0-301F-11D3-BF4B-00C04F79EFBC}") = "Sim.UI", "Sim.UI\Sim.UI.csproj", "{B786A1A4-B08F-47D7-A5A8-ECC8730B5C1D}"
EndProject
Project("{2150E333-8FDC-42A3-9474-1A3956D46DE8}") = "Data", "Data", "{00346F51-A8AD-412F-BA56-57CCA42757A2}"
EndProject
Project("{2150E333-8FDC-42A3-9474-1A3956D46DE8}") = "Shared", "Shared", "{A687F591-F290-4BBD-9D94-70DB4194C0B0}"
EndProject
Project("{FAE04EC0-301F-11D3-BF4B-00C04F79EFBC}") = "Sim.Update", "Sim.Update\Sim.Update.csproj", "{8F922153-832B-44C6-AFA8-50541430FD55}"
EndProject
Project("{FAE04EC0-301F-11D3-BF4B-00C04F79EFBC}") = "Sim.Publisher", "Sim.Publisher\Sim.Publisher.csproj", "{BC6B6C3B-FABA-4A71-B796-3E35D28B82D6}"
EndProject
Project("{FAE04EC0-301F-11D3-BF4B-00C04F79EFBC}") = "Sim.Services", "Sim.Services\Sim.Services.csproj", "{4FCFD496-F477-4AD1-8EF4-CD4882F75E41}"
EndProject
Project("{FAE04EC0-301F-11D3-BF4B-00C04F79EFBC}") = "Sim.Controls", "Sim.Controls\Sim.Controls.csproj", "{CD114252-8D43-4210-99EE-5B94BD244448}"
EndProject
Project("{FAE04EC0-301F-11D3-BF4B-00C04F79EFBC}") = "Sim.DataBase", "Sim.DataBase\Sim.DataBase.csproj", "{2E19850B-B7B8-4A73-966A-6096335B03B2}"
EndProject
Global
	GlobalSection(SolutionConfigurationPlatforms) = preSolution
		Debug|Any CPU = Debug|Any CPU
		Release|Any CPU = Release|Any CPU
	EndGlobalSection
	GlobalSection(ProjectConfigurationPlatforms) = postSolution
		{163951CC-5500-43EC-92A4-C905499CCFE1}.Debug|Any CPU.ActiveCfg = Debug|Any CPU
		{163951CC-5500-43EC-92A4-C905499CCFE1}.Debug|Any CPU.Build.0 = Debug|Any CPU
		{163951CC-5500-43EC-92A4-C905499CCFE1}.Release|Any CPU.ActiveCfg = Release|Any CPU
		{163951CC-5500-43EC-92A4-C905499CCFE1}.Release|Any CPU.Build.0 = Release|Any CPU
		{8330D037-AF5C-49E0-9B62-585610EFE4E0}.Debug|Any CPU.ActiveCfg = Debug|Any CPU
		{8330D037-AF5C-49E0-9B62-585610EFE4E0}.Debug|Any CPU.Build.0 = Debug|Any CPU
		{8330D037-AF5C-49E0-9B62-585610EFE4E0}.Release|Any CPU.ActiveCfg = Release|Any CPU
		{8330D037-AF5C-49E0-9B62-585610EFE4E0}.Release|Any CPU.Build.0 = Release|Any CPU
		{A1BADE65-4D3B-41DF-B1D9-18EF931ACEC6}.Debug|Any CPU.ActiveCfg = Debug|Any CPU
		{A1BADE65-4D3B-41DF-B1D9-18EF931ACEC6}.Debug|Any CPU.Build.0 = Debug|Any CPU
		{A1BADE65-4D3B-41DF-B1D9-18EF931ACEC6}.Release|Any CPU.ActiveCfg = Release|Any CPU
		{A1BADE65-4D3B-41DF-B1D9-18EF931ACEC6}.Release|Any CPU.Build.0 = Release|Any CPU
		{7D7FEAD6-A514-4803-9714-18F8B3F4034B}.Debug|Any CPU.ActiveCfg = Debug|Any CPU
		{7D7FEAD6-A514-4803-9714-18F8B3F4034B}.Debug|Any CPU.Build.0 = Debug|Any CPU
		{7D7FEAD6-A514-4803-9714-18F8B3F4034B}.Release|Any CPU.ActiveCfg = Release|Any CPU
		{7D7FEAD6-A514-4803-9714-18F8B3F4034B}.Release|Any CPU.Build.0 = Release|Any CPU
		{E3C9B155-A836-485E-B222-8B359F2CE80E}.Debug|Any CPU.ActiveCfg = Debug|Any CPU
		{E3C9B155-A836-485E-B222-8B359F2CE80E}.Debug|Any CPU.Build.0 = Debug|Any CPU
		{E3C9B155-A836-485E-B222-8B359F2CE80E}.Release|Any CPU.ActiveCfg = Release|Any CPU
		{E3C9B155-A836-485E-B222-8B359F2CE80E}.Release|Any CPU.Build.0 = Release|Any CPU
		{C1152F88-A269-4111-B36C-1481A108EF11}.Debug|Any CPU.ActiveCfg = Debug|Any CPU
		{C1152F88-A269-4111-B36C-1481A108EF11}.Debug|Any CPU.Build.0 = Debug|Any CPU
		{C1152F88-A269-4111-B36C-1481A108EF11}.Release|Any CPU.ActiveCfg = Release|Any CPU
		{C1152F88-A269-4111-B36C-1481A108EF11}.Release|Any CPU.Build.0 = Release|Any CPU
		{B786A1A4-B08F-47D7-A5A8-ECC8730B5C1D}.Debug|Any CPU.ActiveCfg = Debug|Any CPU
		{B786A1A4-B08F-47D7-A5A8-ECC8730B5C1D}.Debug|Any CPU.Build.0 = Debug|Any CPU
		{B786A1A4-B08F-47D7-A5A8-ECC8730B5C1D}.Release|Any CPU.ActiveCfg = Release|Any CPU
		{B786A1A4-B08F-47D7-A5A8-ECC8730B5C1D}.Release|Any CPU.Build.0 = Release|Any CPU
		{8F922153-832B-44C6-AFA8-50541430FD55}.Debug|Any CPU.ActiveCfg = Debug|Any CPU
		{8F922153-832B-44C6-AFA8-50541430FD55}.Debug|Any CPU.Build.0 = Debug|Any CPU
		{8F922153-832B-44C6-AFA8-50541430FD55}.Release|Any CPU.ActiveCfg = Release|Any CPU
		{8F922153-832B-44C6-AFA8-50541430FD55}.Release|Any CPU.Build.0 = Release|Any CPU
		{BC6B6C3B-FABA-4A71-B796-3E35D28B82D6}.Debug|Any CPU.ActiveCfg = Debug|Any CPU
		{BC6B6C3B-FABA-4A71-B796-3E35D28B82D6}.Debug|Any CPU.Build.0 = Debug|Any CPU
		{BC6B6C3B-FABA-4A71-B796-3E35D28B82D6}.Release|Any CPU.ActiveCfg = Release|Any CPU
		{BC6B6C3B-FABA-4A71-B796-3E35D28B82D6}.Release|Any CPU.Build.0 = Release|Any CPU
		{4FCFD496-F477-4AD1-8EF4-CD4882F75E41}.Debug|Any CPU.ActiveCfg = Debug|Any CPU
		{4FCFD496-F477-4AD1-8EF4-CD4882F75E41}.Debug|Any CPU.Build.0 = Debug|Any CPU
		{4FCFD496-F477-4AD1-8EF4-CD4882F75E41}.Release|Any CPU.ActiveCfg = Release|Any CPU
		{4FCFD496-F477-4AD1-8EF4-CD4882F75E41}.Release|Any CPU.Build.0 = Release|Any CPU
		{CD114252-8D43-4210-99EE-5B94BD244448}.Debug|Any CPU.ActiveCfg = Debug|Any CPU
		{CD114252-8D43-4210-99EE-5B94BD244448}.Debug|Any CPU.Build.0 = Debug|Any CPU
		{CD114252-8D43-4210-99EE-5B94BD244448}.Release|Any CPU.ActiveCfg = Release|Any CPU
		{CD114252-8D43-4210-99EE-5B94BD244448}.Release|Any CPU.Build.0 = Release|Any CPU
		{2E19850B-B7B8-4A73-966A-6096335B03B2}.Debug|Any CPU.ActiveCfg = Debug|Any CPU
		{2E19850B-B7B8-4A73-966A-6096335B03B2}.Debug|Any CPU.Build.0 = Debug|Any CPU
		{2E19850B-B7B8-4A73-966A-6096335B03B2}.Release|Any CPU.ActiveCfg = Release|Any CPU
		{2E19850B-B7B8-4A73-966A-6096335B03B2}.Release|Any CPU.Build.0 = Release|Any CPU
	EndGlobalSection
	GlobalSection(SolutionProperties) = preSolution
		HideSolutionNode = FALSE
	EndGlobalSection
	GlobalSection(NestedProjects) = preSolution
		{8330D037-AF5C-49E0-9B62-585610EFE4E0} = {E1A258FB-529D-4027-81AF-3EE8DDFF7BE0}
		{A1BADE65-4D3B-41DF-B1D9-18EF931ACEC6} = {E1A258FB-529D-4027-81AF-3EE8DDFF7BE0}
		{7D7FEAD6-A514-4803-9714-18F8B3F4034B} = {A687F591-F290-4BBD-9D94-70DB4194C0B0}
		{E3C9B155-A836-485E-B222-8B359F2CE80E} = {A687F591-F290-4BBD-9D94-70DB4194C0B0}
		{C1152F88-A269-4111-B36C-1481A108EF11} = {00346F51-A8AD-412F-BA56-57CCA42757A2}
		{B786A1A4-B08F-47D7-A5A8-ECC8730B5C1D} = {A687F591-F290-4BBD-9D94-70DB4194C0B0}
		{4FCFD496-F477-4AD1-8EF4-CD4882F75E41} = {A687F591-F290-4BBD-9D94-70DB4194C0B0}
		{CD114252-8D43-4210-99EE-5B94BD244448} = {A687F591-F290-4BBD-9D94-70DB4194C0B0}
		{2E19850B-B7B8-4A73-966A-6096335B03B2} = {00346F51-A8AD-412F-BA56-57CCA42757A2}
	EndGlobalSection
	GlobalSection(ExtensibilityGlobals) = postSolution
		SolutionGuid = {6C55C617-7070-4246-B7EA-8311436EF87A}
	EndGlobalSection
EndGlobal
